# This file is automatically @generated by Cargo.
# It is not intended for manual editing.
[[package]]
name = "openpgp-parser"
version = "0.2.0"

[[package]]
name = "rpm-crypto"
version = "0.2.0"
dependencies = [
 "openpgp-parser",
]

[[package]]
name = "rpm-parser"
version = "0.2.0"
dependencies = [
 "openpgp-parser",
 "rpm-crypto",
]

[[package]]
name = "rpm-writer"
version = "0.2.0"
dependencies = [
 "openpgp-parser",
 "rpm-crypto",
 "rpm-parser",
]
